Microsoft Visual Studio Solution File, Format Version 8.00
Project("{8BC9CEB8-8B4A-11D0-8D11-00A0C91BC942}") = "GuiLib", "GUILib\GuiLib\GuiLib.vcproj", "{B5D6C7DB-86B8-4116-ADF8-963505E59026}"
	ProjectSection(ProjectDependencies) = postProject
	EndProjectSection
EndProject
Project("{8BC9CEB8-8B4A-11D0-8D11-00A0C91BC942}") = "NetTS", "NetTS\NetTS.vcproj", "{913C5021-146B-4241-89EC-3C5EFA17EF97}"
	ProjectSection(ProjectDependencies) = postProject
	EndProjectSection
EndProject
Project("{8BC9CEB8-8B4A-11D0-8D11-00A0C91BC942}") = "StkLib", "StkLib\Src\StkLib.vcproj", "{A6EA85EB-3835-4C5E-8457-419AC7D865C8}"
	ProjectSection(ProjectDependencies) = postProject
	EndProjectSection
EndProject
Project("{8BC9CEB8-8B4A-11D0-8D11-00A0C91BC942}") = "StkNet", "StkNet\Src\StkNet.vcproj", "{9D07FF8C-278B-4948-9AE6-E42D6640230C}"
	ProjectSection(ProjectDependencies) = postProject
		{B5D6C7DB-86B8-4116-ADF8-963505E59026} = {B5D6C7DB-86B8-4116-ADF8-963505E59026}
		{A6EA85EB-3835-4C5E-8457-419AC7D865C8} = {A6EA85EB-3835-4C5E-8457-419AC7D865C8}
	EndProjectSection
EndProject
Project("{8BC9CEB8-8B4A-11D0-8D11-00A0C91BC942}") = "StkTech", "StkTech\StkTech.vcproj", "{64AE2B80-7D7E-4F02-987A-B2D939A335FC}"
	ProjectSection(ProjectDependencies) = postProject
	EndProjectSection
EndProject
Project("{8BC9CEB8-8B4A-11D0-8D11-00A0C91BC942}") = "StkUI", "StkUI\StkUI.vcproj", "{C43C8F75-A39A-4753-AAA4-5C5C9A2EF090}"
	ProjectSection(ProjectDependencies) = postProject
		{913C5021-146B-4241-89EC-3C5EFA17EF97} = {913C5021-146B-4241-89EC-3C5EFA17EF97}
		{ACD6FCF4-0D76-4AFA-947C-1B2A9C4FFF13} = {ACD6FCF4-0D76-4AFA-947C-1B2A9C4FFF13}
		{9D07FF8C-278B-4948-9AE6-E42D6640230C} = {9D07FF8C-278B-4948-9AE6-E42D6640230C}
		{A6EA85EB-3835-4C5E-8457-419AC7D865C8} = {A6EA85EB-3835-4C5E-8457-419AC7D865C8}
		{A6175FB3-D6DB-4E62-9ED9-F05C7387E29B} = {A6175FB3-D6DB-4E62-9ED9-F05C7387E29B}
		{B5D6C7DB-86B8-4116-ADF8-963505E59026} = {B5D6C7DB-86B8-4116-ADF8-963505E59026}
	EndProjectSection
EndProject
Project("{8BC9CEB8-8B4A-11D0-8D11-00A0C91BC942}") = "Tools", "Tools\Tools.vcproj", "{7403E474-5686-401C-8350-3F73CD4AD961}"
	ProjectSection(ProjectDependencies) = postProject
		{ACD6FCF4-0D76-4AFA-947C-1B2A9C4FFF13} = {ACD6FCF4-0D76-4AFA-947C-1B2A9C4FFF13}
		{9D07FF8C-278B-4948-9AE6-E42D6640230C} = {9D07FF8C-278B-4948-9AE6-E42D6640230C}
		{A6EA85EB-3835-4C5E-8457-419AC7D865C8} = {A6EA85EB-3835-4C5E-8457-419AC7D865C8}
		{B5D6C7DB-86B8-4116-ADF8-963505E59026} = {B5D6C7DB-86B8-4116-ADF8-963505E59026}
	EndProjectSection
EndProject
Project("{8BC9CEB8-8B4A-11D0-8D11-00A0C91BC942}") = "XPFace", "XPFace\Src\XPFace.vcproj", "{ACD6FCF4-0D76-4AFA-947C-1B2A9C4FFF13}"
	ProjectSection(ProjectDependencies) = postProject
		{B5D6C7DB-86B8-4116-ADF8-963505E59026} = {B5D6C7DB-86B8-4116-ADF8-963505E59026}
	EndProjectSection
EndProject
Project("{8BC9CEB8-8B4A-11D0-8D11-00A0C91BC942}") = "profuisdll", "ProfUIS\profuisdll\profuisdll.vcproj", "{A6175FB3-D6DB-4E62-9ED9-F05C7387E29B}"
	ProjectSection(ProjectDependencies) = postProject
	EndProjectSection
EndProject
Global
	GlobalSection(SolutionConfiguration) = preSolution
		Debug = Debug
		Enu Debug = Enu Debug
		Enu Release = Enu Release
		Release = Release
	EndGlobalSection
	GlobalSection(ProjectConfiguration) = postSolution
		{B5D6C7DB-86B8-4116-ADF8-963505E59026}.Debug.ActiveCfg = Debug|Win32
		{B5D6C7DB-86B8-4116-ADF8-963505E59026}.Debug.Build.0 = Debug|Win32
		{B5D6C7DB-86B8-4116-ADF8-963505E59026}.Enu Debug.ActiveCfg = Debug|Win32
		{B5D6C7DB-86B8-4116-ADF8-963505E59026}.Enu Debug.Build.0 = Debug|Win32
		{B5D6C7DB-86B8-4116-ADF8-963505E59026}.Enu Release.ActiveCfg = Release|Win32
		{B5D6C7DB-86B8-4116-ADF8-963505E59026}.Enu Release.Build.0 = Release|Win32
		{B5D6C7DB-86B8-4116-ADF8-963505E59026}.Release.ActiveCfg = Release|Win32
		{B5D6C7DB-86B8-4116-ADF8-963505E59026}.Release.Build.0 = Release|Win32
		{913C5021-146B-4241-89EC-3C5EFA17EF97}.Debug.ActiveCfg = Debug|Win32
		{913C5021-146B-4241-89EC-3C5EFA17EF97}.Debug.Build.0 = Debug|Win32
		{913C5021-146B-4241-89EC-3C5EFA17EF97}.Enu Debug.ActiveCfg = Debug|Win32
		{913C5021-146B-4241-89EC-3C5EFA17EF97}.Enu Debug.Build.0 = Debug|Win32
		{913C5021-146B-4241-89EC-3C5EFA17EF97}.Enu Release.ActiveCfg = Release|Win32
		{913C5021-146B-4241-89EC-3C5EFA17EF97}.Enu Release.Build.0 = Release|Win32
		{913C5021-146B-4241-89EC-3C5EFA17EF97}.Release.ActiveCfg = Release|Win32
		{913C5021-146B-4241-89EC-3C5EFA17EF97}.Release.Build.0 = Release|Win32
		{A6EA85EB-3835-4C5E-8457-419AC7D865C8}.Debug.ActiveCfg = Debug|Win32
		{A6EA85EB-3835-4C5E-8457-419AC7D865C8}.Debug.Build.0 = Debug|Win32
		{A6EA85EB-3835-4C5E-8457-419AC7D865C8}.Enu Debug.ActiveCfg = Enu Debug|Win32
		{A6EA85EB-3835-4C5E-8457-419AC7D865C8}.Enu Debug.Build.0 = Enu Debug|Win32
		{A6EA85EB-3835-4C5E-8457-419AC7D865C8}.Enu Release.ActiveCfg = Enu Release|Win32
		{A6EA85EB-3835-4C5E-8457-419AC7D865C8}.Enu Release.Build.0 = Enu Release|Win32
		{A6EA85EB-3835-4C5E-8457-419AC7D865C8}.Release.ActiveCfg = Release|Win32
		{A6EA85EB-3835-4C5E-8457-419AC7D865C8}.Release.Build.0 = Release|Win32
		{9D07FF8C-278B-4948-9AE6-E42D6640230C}.Debug.ActiveCfg = Debug|Win32
		{9D07FF8C-278B-4948-9AE6-E42D6640230C}.Debug.Build.0 = Debug|Win32
		{9D07FF8C-278B-4948-9AE6-E42D6640230C}.Enu Debug.ActiveCfg = Enu Debug|Win32
		{9D07FF8C-278B-4948-9AE6-E42D6640230C}.Enu Debug.Build.0 = Enu Debug|Win32
		{9D07FF8C-278B-4948-9AE6-E42D6640230C}.Enu Release.ActiveCfg = Enu Release|Win32
		{9D07FF8C-278B-4948-9AE6-E42D6640230C}.Enu Release.Build.0 = Enu Release|Win32
		{9D07FF8C-278B-4948-9AE6-E42D6640230C}.Release.ActiveCfg = Release|Win32
		{9D07FF8C-278B-4948-9AE6-E42D6640230C}.Release.Build.0 = Release|Win32
		{64AE2B80-7D7E-4F02-987A-B2D939A335FC}.Debug.ActiveCfg = Debug|Win32
		{64AE2B80-7D7E-4F02-987A-B2D939A335FC}.Debug.Build.0 = Debug|Win32
		{64AE2B80-7D7E-4F02-987A-B2D939A335FC}.Enu Debug.ActiveCfg = Debug|Win32
		{64AE2B80-7D7E-4F02-987A-B2D939A335FC}.Enu Debug.Build.0 = Debug|Win32
		{64AE2B80-7D7E-4F02-987A-B2D939A335FC}.Enu Release.ActiveCfg = Release|Win32
		{64AE2B80-7D7E-4F02-987A-B2D939A335FC}.Enu Release.Build.0 = Release|Win32
		{64AE2B80-7D7E-4F02-987A-B2D939A335FC}.Release.ActiveCfg = Release|Win32
		{64AE2B80-7D7E-4F02-987A-B2D939A335FC}.Release.Build.0 = Release|Win32
		{C43C8F75-A39A-4753-AAA4-5C5C9A2EF090}.Debug.ActiveCfg = Debug|Win32
		{C43C8F75-A39A-4753-AAA4-5C5C9A2EF090}.Debug.Build.0 = Debug|Win32
		{C43C8F75-A39A-4753-AAA4-5C5C9A2EF090}.Enu Debug.ActiveCfg = Enu Debug|Win32
		{C43C8F75-A39A-4753-AAA4-5C5C9A2EF090}.Enu Debug.Build.0 = Enu Debug|Win32
		{C43C8F75-A39A-4753-AAA4-5C5C9A2EF090}.Enu Release.ActiveCfg = Enu Release|Win32
		{C43C8F75-A39A-4753-AAA4-5C5C9A2EF090}.Enu Release.Build.0 = Enu Release|Win32
		{C43C8F75-A39A-4753-AAA4-5C5C9A2EF090}.Release.ActiveCfg = Release|Win32
		{C43C8F75-A39A-4753-AAA4-5C5C9A2EF090}.Release.Build.0 = Release|Win32
		{7403E474-5686-401C-8350-3F73CD4AD961}.Debug.ActiveCfg = Debug|Win32
		{7403E474-5686-401C-8350-3F73CD4AD961}.Debug.Build.0 = Debug|Win32
		{7403E474-5686-401C-8350-3F73CD4AD961}.Enu Debug.ActiveCfg = Debug|Win32
		{7403E474-5686-401C-8350-3F73CD4AD961}.Enu Debug.Build.0 = Debug|Win32
		{7403E474-5686-401C-8350-3F73CD4AD961}.Enu Release.ActiveCfg = Release|Win32
		{7403E474-5686-401C-8350-3F73CD4AD961}.Enu Release.Build.0 = Release|Win32
		{7403E474-5686-401C-8350-3F73CD4AD961}.Release.ActiveCfg = Release|Win32
		{7403E474-5686-401C-8350-3F73CD4AD961}.Release.Build.0 = Release|Win32
		{ACD6FCF4-0D76-4AFA-947C-1B2A9C4FFF13}.Debug.ActiveCfg = Debug|Win32
		{ACD6FCF4-0D76-4AFA-947C-1B2A9C4FFF13}.Debug.Build.0 = Debug|Win32
		{ACD6FCF4-0D76-4AFA-947C-1B2A9C4FFF13}.Enu Debug.ActiveCfg = Enu Debug|Win32
		{ACD6FCF4-0D76-4AFA-947C-1B2A9C4FFF13}.Enu Debug.Build.0 = Enu Debug|Win32
		{ACD6FCF4-0D76-4AFA-947C-1B2A9C4FFF13}.Enu Release.ActiveCfg = Enu Release|Win32
		{ACD6FCF4-0D76-4AFA-947C-1B2A9C4FFF13}.Enu Release.Build.0 = Enu Release|Win32
		{ACD6FCF4-0D76-4AFA-947C-1B2A9C4FFF13}.Release.ActiveCfg = Release|Win32
		{ACD6FCF4-0D76-4AFA-947C-1B2A9C4FFF13}.Release.Build.0 = Release|Win32
		{A6175FB3-D6DB-4E62-9ED9-F05C7387E29B}.Debug.ActiveCfg = Debug|Win32
		{A6175FB3-D6DB-4E62-9ED9-F05C7387E29B}.Debug.Build.0 = Debug|Win32
		{A6175FB3-D6DB-4E62-9ED9-F05C7387E29B}.Enu Debug.ActiveCfg = Enu Debug|Win32
		{A6175FB3-D6DB-4E62-9ED9-F05C7387E29B}.Enu Debug.Build.0 = Enu Debug|Win32
		{A6175FB3-D6DB-4E62-9ED9-F05C7387E29B}.Enu Release.ActiveCfg = Enu Release|Win32
		{A6175FB3-D6DB-4E62-9ED9-F05C7387E29B}.Enu Release.Build.0 = Enu Release|Win32
		{A6175FB3-D6DB-4E62-9ED9-F05C7387E29B}.Release.ActiveCfg = Release|Win32
		{A6175FB3-D6DB-4E62-9ED9-F05C7387E29B}.Release.Build.0 = Release|Win32
	EndGlobalSection
	GlobalSection(ExtensibilityGlobals) = postSolution
	EndGlobalSection
	GlobalSection(ExtensibilityAddIns) = postSolution
	EndGlobalSection
EndGlobal
